Microsoft Visual Studio Solution File, Format Version 12.00
# Visual Studio 2012
Project("{FAE04EC0-301F-11D3-BF4B-00C04F79EFBC}") = "Godot", "Godot.csproj", "{8C3B1553-28B1-42C4-BA23-41C7A3EE6FFC}"
EndProject
Global
	GlobalSection(SolutionConfigurationPlatforms) = preSolution
	Debug|Any CPU = Debug|Any CPU
	ExportDebug|Any CPU = ExportDebug|Any CPU
	ExportRelease|Any CPU = ExportRelease|Any CPU
	EndGlobalSection
	GlobalSection(ProjectConfigurationPlatforms) = postSolution
		{8C3B1553-28B1-42C4-BA23-41C7A3EE6FFC}.Debug|Any CPU.ActiveCfg = Debug|Any CPU
		{8C3B1553-28B1-42C4-BA23-41C7A3EE6FFC}.Debug|Any CPU.Build.0 = Debug|Any CPU
		{8C3B1553-28B1-42C4-BA23-41C7A3EE6FFC}.ExportDebug|Any CPU.ActiveCfg = ExportDebug|Any CPU
		{8C3B1553-28B1-42C4-BA23-41C7A3EE6FFC}.ExportDebug|Any CPU.Build.0 = ExportDebug|Any CPU
		{8C3B1553-28B1-42C4-BA23-41C7A3EE6FFC}.ExportRelease|Any CPU.ActiveCfg = ExportRelease|Any CPU
		{8C3B1553-28B1-42C4-BA23-41C7A3EE6FFC}.ExportRelease|Any CPU.Build.0 = ExportRelease|Any CPU
	EndGlobalSection
EndGlobal
